
Microsoft Visual Studio Solution File, Format Version 12.00
# Visual Studio Version 17
VisualStudioVersion = 17.4.33213.308
MinimumVisualStudioVersion = 10.0.40219.1
Project("{FAE04EC0-301F-11D3-BF4B-00C04F79EFBC}") = "1.ConsoleApp1", "1.ConsoleApp1\1.ConsoleApp1.csproj", "{C052B2D5-0956-4528-88A5-A6C13FDCFA41}"
EndProject
Global
	GlobalSection(SolutionConfigurationPlatforms) = preSolution
		Debug|Any CPU = Debug|Any CPU
		Release|Any CPU = Release|Any CPU
	EndGlobalSection
	GlobalSection(ProjectConfigurationPlatforms) = postSolution
		{C052B2D5-0956-4528-88A5-A6C13FDCFA41}.Debug|Any CPU.ActiveCfg = Debug|Any CPU
		{C052B2D5-0956-4528-88A5-A6C13FDCFA41}.Debug|Any CPU.Build.0 = Debug|Any CPU
		{C052B2D5-0956-4528-88A5-A6C13FDCFA41}.Release|Any CPU.ActiveCfg = Release|Any CPU
		{C052B2D5-0956-4528-88A5-A6C13FDCFA41}.Release|Any CPU.Build.0 = Release|Any CPU
	EndGlobalSection
	GlobalSection(SolutionProperties) = preSolution
		HideSolutionNode = FALSE
	EndGlobalSection
	GlobalSection(ExtensibilityGlobals) = postSolution
		SolutionGuid = {C6861A2B-3928-455D-BFBE-7274A82A291B}
	EndGlobalSection
EndGlobal
