
Microsoft Visual Studio Solution File, Format Version 12.00
# Visual Studio Version 17
VisualStudioVersion = 17.4.33213.308
MinimumVisualStudioVersion = 10.0.40219.1
Project("{FAE04EC0-301F-11D3-BF4B-00C04F79EFBC}") = "1.Игра поиск совпадений", "1.Игра поиск совпадений\1.Игра поиск совпадений.csproj", "{D2B2C4F7-44FC-4F8C-980E-71A1C07151E3}"
EndProject
Global
	GlobalSection(SolutionConfigurationPlatforms) = preSolution
		Debug|Any CPU = Debug|Any CPU
		Release|Any CPU = Release|Any CPU
	EndGlobalSection
	GlobalSection(ProjectConfigurationPlatforms) = postSolution
		{D2B2C4F7-44FC-4F8C-980E-71A1C07151E3}.Debug|Any CPU.ActiveCfg = Debug|Any CPU
		{D2B2C4F7-44FC-4F8C-980E-71A1C07151E3}.Debug|Any CPU.Build.0 = Debug|Any CPU
		{D2B2C4F7-44FC-4F8C-980E-71A1C07151E3}.Release|Any CPU.ActiveCfg = Release|Any CPU
		{D2B2C4F7-44FC-4F8C-980E-71A1C07151E3}.Release|Any CPU.Build.0 = Release|Any CPU
	EndGlobalSection
	GlobalSection(SolutionProperties) = preSolution
		HideSolutionNode = FALSE
	EndGlobalSection
	GlobalSection(ExtensibilityGlobals) = postSolution
		SolutionGuid = {2690473A-5A62-4156-939D-4948B19FD574}
	EndGlobalSection
EndGlobal
